
Microsoft Visual Studio Solution File, Format Version 12.00
# Visual Studio Version 17
VisualStudioVersion = 17.10.34928.147
MinimumVisualStudioVersion = 10.0.40219.1
Project("{FAE04EC0-301F-11D3-BF4B-00C04F79EFBC}") = "DestructorCSharp", "DestructorCSharp\DestructorCSharp.csproj", "{010F14E6-A157-4809-9A33-065E563F1306}"
EndProject
Global
	GlobalSection(SolutionConfigurationPlatforms) = preSolution
		Debug|Any CPU = Debug|Any CPU
		Release|Any CPU = Release|Any CPU
	EndGlobalSection
	GlobalSection(ProjectConfigurationPlatforms) = postSolution
		{010F14E6-A157-4809-9A33-065E563F1306}.Debug|Any CPU.ActiveCfg = Debug|Any CPU
		{010F14E6-A157-4809-9A33-065E563F1306}.Debug|Any CPU.Build.0 = Debug|Any CPU
		{010F14E6-A157-4809-9A33-065E563F1306}.Release|Any CPU.ActiveCfg = Release|Any CPU
		{010F14E6-A157-4809-9A33-065E563F1306}.Release|Any CPU.Build.0 = Release|Any CPU
	EndGlobalSection
	GlobalSection(SolutionProperties) = preSolution
		HideSolutionNode = FALSE
	EndGlobalSection
	GlobalSection(ExtensibilityGlobals) = postSolution
		SolutionGuid = {B3EA8021-2729-4F66-948C-51C7F01E331A}
	EndGlobalSection
EndGlobal
